
Microsoft Visual Studio Solution File, Format Version 12.00
# Visual Studio Version 16
VisualStudioVersion = 16.0.29424.173
MinimumVisualStudioVersion = 10.0.40219.1
Project("{2150E333-8FDC-42A3-9474-1A3956D46DE8}") = "01 - Apresentacao", "01 - Apresentacao", "{B3B31AC6-D2E6-498C-8BB8-AE0D7C4102BC}"
EndProject
Project("{2150E333-8FDC-42A3-9474-1A3956D46DE8}") = "02 - Aplicacao", "02 - Aplicacao", "{7F4A3556-50A2-4008-8B34-ECA69A92F847}"
EndProject
Project("{2150E333-8FDC-42A3-9474-1A3956D46DE8}") = "04 - Infraestrutura", "04 - Infraestrutura", "{6FB9DEFE-1E18-4AD6-90D5-CC4E0257242A}"
EndProject
Project("{2150E333-8FDC-42A3-9474-1A3956D46DE8}") = "03 - Dominio", "03 - Dominio", "{5ACCFBBD-D1CA-4A11-8A2F-0BCB9339342E}"
EndProject
Project("{FAE04EC0-301F-11D3-BF4B-00C04F79EFBC}") = "LV.Dominio", "src\LV.Dominio\LV.Dominio.csproj", "{D6064CBC-035A-43A5-98F4-06EFDFEB1DD4}"
EndProject
Project("{2150E333-8FDC-42A3-9474-1A3956D46DE8}") = "03.01 - Dados", "03.01 - Dados", "{CAE8A495-7DCE-46C1-BAF0-0F3AACCB8946}"
EndProject
Project("{2150E333-8FDC-42A3-9474-1A3956D46DE8}") = "03.02 - Util", "03.02 - Util", "{D96312F7-9580-4036-8BDE-2795EDB858A1}"
EndProject
Project("{FAE04EC0-301F-11D3-BF4B-00C04F79EFBC}") = "LV.Apresentacao.API", "src\LV.Apresentacao.API\LV.Apresentacao.API.csproj", "{8CE66914-CEFA-4495-913B-591603A4FC8B}"
EndProject
Project("{FAE04EC0-301F-11D3-BF4B-00C04F79EFBC}") = "LV.Apresentacao.MVC", "src\LV.Apresentacao.MVC\LV.Apresentacao.MVC.csproj", "{97D7979F-4EF3-48D0-83DC-5F20D12ECC58}"
EndProject
Project("{FAE04EC0-301F-11D3-BF4B-00C04F79EFBC}") = "LV.Aplicacao", "src\LV.Aplicacao\LV.Aplicacao.csproj", "{3158BC44-F897-461B-A1F8-51960EC4EDD2}"
EndProject
Project("{FAE04EC0-301F-11D3-BF4B-00C04F79EFBC}") = "LV.Dados", "src\LV.Dados\LV.Dados.csproj", "{473E35AC-32A9-441D-8460-F6B37AF1FC9C}"
EndProject
Project("{FAE04EC0-301F-11D3-BF4B-00C04F79EFBC}") = "LV.Util", "src\LV.Util\LV.Util.csproj", "{06A53407-A179-45C8-B2D2-9B26B804ADA1}"
EndProject
Global
	GlobalSection(SolutionConfigurationPlatforms) = preSolution
		Debug|Any CPU = Debug|Any CPU
		Release|Any CPU = Release|Any CPU
	EndGlobalSection
	GlobalSection(ProjectConfigurationPlatforms) = postSolution
		{D6064CBC-035A-43A5-98F4-06EFDFEB1DD4}.Debug|Any CPU.ActiveCfg = Debug|Any CPU
		{D6064CBC-035A-43A5-98F4-06EFDFEB1DD4}.Debug|Any CPU.Build.0 = Debug|Any CPU
		{D6064CBC-035A-43A5-98F4-06EFDFEB1DD4}.Release|Any CPU.ActiveCfg = Release|Any CPU
		{D6064CBC-035A-43A5-98F4-06EFDFEB1DD4}.Release|Any CPU.Build.0 = Release|Any CPU
		{8CE66914-CEFA-4495-913B-591603A4FC8B}.Debug|Any CPU.ActiveCfg = Debug|Any CPU
		{8CE66914-CEFA-4495-913B-591603A4FC8B}.Debug|Any CPU.Build.0 = Debug|Any CPU
		{8CE66914-CEFA-4495-913B-591603A4FC8B}.Release|Any CPU.ActiveCfg = Release|Any CPU
		{8CE66914-CEFA-4495-913B-591603A4FC8B}.Release|Any CPU.Build.0 = Release|Any CPU
		{97D7979F-4EF3-48D0-83DC-5F20D12ECC58}.Debug|Any CPU.ActiveCfg = Debug|Any CPU
		{97D7979F-4EF3-48D0-83DC-5F20D12ECC58}.Debug|Any CPU.Build.0 = Debug|Any CPU
		{97D7979F-4EF3-48D0-83DC-5F20D12ECC58}.Release|Any CPU.ActiveCfg = Release|Any CPU
		{97D7979F-4EF3-48D0-83DC-5F20D12ECC58}.Release|Any CPU.Build.0 = Release|Any CPU
		{3158BC44-F897-461B-A1F8-51960EC4EDD2}.Debug|Any CPU.ActiveCfg = Debug|Any CPU
		{3158BC44-F897-461B-A1F8-51960EC4EDD2}.Debug|Any CPU.Build.0 = Debug|Any CPU
		{3158BC44-F897-461B-A1F8-51960EC4EDD2}.Release|Any CPU.ActiveCfg = Release|Any CPU
		{3158BC44-F897-461B-A1F8-51960EC4EDD2}.Release|Any CPU.Build.0 = Release|Any CPU
		{473E35AC-32A9-441D-8460-F6B37AF1FC9C}.Debug|Any CPU.ActiveCfg = Debug|Any CPU
		{473E35AC-32A9-441D-8460-F6B37AF1FC9C}.Debug|Any CPU.Build.0 = Debug|Any CPU
		{473E35AC-32A9-441D-8460-F6B37AF1FC9C}.Release|Any CPU.ActiveCfg = Release|Any CPU
		{473E35AC-32A9-441D-8460-F6B37AF1FC9C}.Release|Any CPU.Build.0 = Release|Any CPU
		{06A53407-A179-45C8-B2D2-9B26B804ADA1}.Debug|Any CPU.ActiveCfg = Debug|Any CPU
		{06A53407-A179-45C8-B2D2-9B26B804ADA1}.Debug|Any CPU.Build.0 = Debug|Any CPU
		{06A53407-A179-45C8-B2D2-9B26B804ADA1}.Release|Any CPU.ActiveCfg = Release|Any CPU
		{06A53407-A179-45C8-B2D2-9B26B804ADA1}.Release|Any CPU.Build.0 = Release|Any CPU
	EndGlobalSection
	GlobalSection(SolutionProperties) = preSolution
		HideSolutionNode = FALSE
	EndGlobalSection
	GlobalSection(NestedProjects) = preSolution
		{D6064CBC-035A-43A5-98F4-06EFDFEB1DD4} = {5ACCFBBD-D1CA-4A11-8A2F-0BCB9339342E}
		{CAE8A495-7DCE-46C1-BAF0-0F3AACCB8946} = {6FB9DEFE-1E18-4AD6-90D5-CC4E0257242A}
		{D96312F7-9580-4036-8BDE-2795EDB858A1} = {6FB9DEFE-1E18-4AD6-90D5-CC4E0257242A}
		{8CE66914-CEFA-4495-913B-591603A4FC8B} = {B3B31AC6-D2E6-498C-8BB8-AE0D7C4102BC}
		{97D7979F-4EF3-48D0-83DC-5F20D12ECC58} = {B3B31AC6-D2E6-498C-8BB8-AE0D7C4102BC}
		{3158BC44-F897-461B-A1F8-51960EC4EDD2} = {7F4A3556-50A2-4008-8B34-ECA69A92F847}
		{473E35AC-32A9-441D-8460-F6B37AF1FC9C} = {CAE8A495-7DCE-46C1-BAF0-0F3AACCB8946}
		{06A53407-A179-45C8-B2D2-9B26B804ADA1} = {D96312F7-9580-4036-8BDE-2795EDB858A1}
	EndGlobalSection
	GlobalSection(ExtensibilityGlobals) = postSolution
		SolutionGuid = {74F2E6E3-A79E-4690-A3EA-80A55A85AD1D}
	EndGlobalSection
EndGlobal
